
Microsoft Visual Studio Solution File, Format Version 12.00
# Visual Studio 15
VisualStudioVersion = 15.0.28307.539
MinimumVisualStudioVersion = 10.0.40219.1
Project("{FAE04EC0-301F-11D3-BF4B-00C04F79EFBC}") = "Graphics", "Graphics\Graphics.csproj", "{A7389D2B-6A88-46F1-A292-56B765E22F39}"
EndProject
Global
	GlobalSection(SolutionConfigurationPlatforms) = preSolution
		Debug|Any CPU = Debug|Any CPU
		Release|Any CPU = Release|Any CPU
	EndGlobalSection
	GlobalSection(ProjectConfigurationPlatforms) = postSolution
		{A7389D2B-6A88-46F1-A292-56B765E22F39}.Debug|Any CPU.ActiveCfg = Debug|Any CPU
		{A7389D2B-6A88-46F1-A292-56B765E22F39}.Debug|Any CPU.Build.0 = Debug|Any CPU
		{A7389D2B-6A88-46F1-A292-56B765E22F39}.Release|Any CPU.ActiveCfg = Release|Any CPU
		{A7389D2B-6A88-46F1-A292-56B765E22F39}.Release|Any CPU.Build.0 = Release|Any CPU
	EndGlobalSection
	GlobalSection(SolutionProperties) = preSolution
		HideSolutionNode = FALSE
	EndGlobalSection
	GlobalSection(ExtensibilityGlobals) = postSolution
		SolutionGuid = {BA974BF8-1ABF-446C-BDB9-4D71C1E28670}
	EndGlobalSection
EndGlobal
